
Microsoft Visual Studio Solution File, Format Version 12.00
# Visual Studio Version 17
VisualStudioVersion = 17.8.34511.84
MinimumVisualStudioVersion = 10.0.40219.1
Project("{8BC9CEB8-8B4A-11D0-8D11-00A0C91BC942}") = "ThreadLocalStorageTest", "ThreadLocalStorageTest\ThreadLocalStorageTest.vcxproj", "{6909BF4E-E02D-40F6-8C8D-EBDAD2C23665}"
EndProject
Project("{8BC9CEB8-8B4A-11D0-8D11-00A0C91BC942}") = "TlsMemPool", "TlsMemPool\TlsMemPool.vcxproj", "{883CB26E-BC73-44C8-B883-0FFF663F6AD2}"
EndProject
Project("{8BC9CEB8-8B4A-11D0-8D11-00A0C91BC942}") = "TlsMemPoolTest", "TlsMemPoolTest\TlsMemPoolTest.vcxproj", "{D076279C-64E2-4D45-A0D0-9BBD985526A9}"
EndProject
Global
	GlobalSection(SolutionConfigurationPlatforms) = preSolution
		Debug|x64 = Debug|x64
		Debug|x86 = Debug|x86
		Release|x64 = Release|x64
		Release|x86 = Release|x86
	EndGlobalSection
	GlobalSection(ProjectConfigurationPlatforms) = postSolution
		{6909BF4E-E02D-40F6-8C8D-EBDAD2C23665}.Debug|x64.ActiveCfg = Debug|x64
		{6909BF4E-E02D-40F6-8C8D-EBDAD2C23665}.Debug|x64.Build.0 = Debug|x64
		{6909BF4E-E02D-40F6-8C8D-EBDAD2C23665}.Debug|x86.ActiveCfg = Debug|Win32
		{6909BF4E-E02D-40F6-8C8D-EBDAD2C23665}.Debug|x86.Build.0 = Debug|Win32
		{6909BF4E-E02D-40F6-8C8D-EBDAD2C23665}.Release|x64.ActiveCfg = Release|x64
		{6909BF4E-E02D-40F6-8C8D-EBDAD2C23665}.Release|x64.Build.0 = Release|x64
		{6909BF4E-E02D-40F6-8C8D-EBDAD2C23665}.Release|x86.ActiveCfg = Release|Win32
		{6909BF4E-E02D-40F6-8C8D-EBDAD2C23665}.Release|x86.Build.0 = Release|Win32
		{883CB26E-BC73-44C8-B883-0FFF663F6AD2}.Debug|x64.ActiveCfg = Debug|x64
		{883CB26E-BC73-44C8-B883-0FFF663F6AD2}.Debug|x64.Build.0 = Debug|x64
		{883CB26E-BC73-44C8-B883-0FFF663F6AD2}.Debug|x86.ActiveCfg = Debug|Win32
		{883CB26E-BC73-44C8-B883-0FFF663F6AD2}.Debug|x86.Build.0 = Debug|Win32
		{883CB26E-BC73-44C8-B883-0FFF663F6AD2}.Release|x64.ActiveCfg = Release|x64
		{883CB26E-BC73-44C8-B883-0FFF663F6AD2}.Release|x64.Build.0 = Release|x64
		{883CB26E-BC73-44C8-B883-0FFF663F6AD2}.Release|x86.ActiveCfg = Release|Win32
		{883CB26E-BC73-44C8-B883-0FFF663F6AD2}.Release|x86.Build.0 = Release|Win32
		{D076279C-64E2-4D45-A0D0-9BBD985526A9}.Debug|x64.ActiveCfg = Debug|x64
		{D076279C-64E2-4D45-A0D0-9BBD985526A9}.Debug|x64.Build.0 = Debug|x64
		{D076279C-64E2-4D45-A0D0-9BBD985526A9}.Debug|x86.ActiveCfg = Debug|Win32
		{D076279C-64E2-4D45-A0D0-9BBD985526A9}.Debug|x86.Build.0 = Debug|Win32
		{D076279C-64E2-4D45-A0D0-9BBD985526A9}.Release|x64.ActiveCfg = Release|x64
		{D076279C-64E2-4D45-A0D0-9BBD985526A9}.Release|x64.Build.0 = Release|x64
		{D076279C-64E2-4D45-A0D0-9BBD985526A9}.Release|x86.ActiveCfg = Release|Win32
		{D076279C-64E2-4D45-A0D0-9BBD985526A9}.Release|x86.Build.0 = Release|Win32
	EndGlobalSection
	GlobalSection(SolutionProperties) = preSolution
		HideSolutionNode = FALSE
	EndGlobalSection
	GlobalSection(ExtensibilityGlobals) = postSolution
		SolutionGuid = {5FAA4C8C-8FA2-4631-8289-8D4CA8E8E19A}
	EndGlobalSection
EndGlobal
